
Microsoft Visual Studio Solution File, Format Version 12.00
# Visual Studio Version 17
VisualStudioVersion = 17.2.32630.192
MinimumVisualStudioVersion = 10.0.40219.1
Project("{9A19103F-16F7-4668-BE54-9A1E7A4F7556}") = "CourtObserver", "CourtObserver\CourtObserver.csproj", "{4202B910-5304-42B8-A886-F9D02803DD60}"
EndProject
Project("{FAE04EC0-301F-11D3-BF4B-00C04F79EFBC}") = "COLib", "COLib\COLib.csproj", "{7551AFB1-B4E1-4F96-A087-8F345DA85870}"
EndProject
Project("{9A19103F-16F7-4668-BE54-9A1E7A4F7556}") = "COServer", "COServer\COServer.csproj", "{9BE7796F-4DBB-4C71-910C-F9C43FE1BD8C}"
EndProject
Global
	GlobalSection(SolutionConfigurationPlatforms) = preSolution
		Debug|Any CPU = Debug|Any CPU
		Release|Any CPU = Release|Any CPU
	EndGlobalSection
	GlobalSection(ProjectConfigurationPlatforms) = postSolution
		{4202B910-5304-42B8-A886-F9D02803DD60}.Debug|Any CPU.ActiveCfg = Debug|Any CPU
		{4202B910-5304-42B8-A886-F9D02803DD60}.Debug|Any CPU.Build.0 = Debug|Any CPU
		{4202B910-5304-42B8-A886-F9D02803DD60}.Release|Any CPU.ActiveCfg = Release|Any CPU
		{4202B910-5304-42B8-A886-F9D02803DD60}.Release|Any CPU.Build.0 = Release|Any CPU
		{7551AFB1-B4E1-4F96-A087-8F345DA85870}.Debug|Any CPU.ActiveCfg = Debug|Any CPU
		{7551AFB1-B4E1-4F96-A087-8F345DA85870}.Debug|Any CPU.Build.0 = Debug|Any CPU
		{7551AFB1-B4E1-4F96-A087-8F345DA85870}.Release|Any CPU.ActiveCfg = Release|Any CPU
		{7551AFB1-B4E1-4F96-A087-8F345DA85870}.Release|Any CPU.Build.0 = Release|Any CPU
		{9BE7796F-4DBB-4C71-910C-F9C43FE1BD8C}.Debug|Any CPU.ActiveCfg = Debug|Any CPU
		{9BE7796F-4DBB-4C71-910C-F9C43FE1BD8C}.Debug|Any CPU.Build.0 = Debug|Any CPU
		{9BE7796F-4DBB-4C71-910C-F9C43FE1BD8C}.Release|Any CPU.ActiveCfg = Release|Any CPU
		{9BE7796F-4DBB-4C71-910C-F9C43FE1BD8C}.Release|Any CPU.Build.0 = Release|Any CPU
	EndGlobalSection
	GlobalSection(SolutionProperties) = preSolution
		HideSolutionNode = FALSE
	EndGlobalSection
	GlobalSection(ExtensibilityGlobals) = postSolution
		SolutionGuid = {D6E11526-6D5B-4250-AB55-2F50188467ED}
	EndGlobalSection
EndGlobal
